
Microsoft Visual Studio Solution File, Format Version 12.00
# Visual Studio Version 16
VisualStudioVersion = 16.0.32002.261
MinimumVisualStudioVersion = 10.0.40219.1
Project("{8BC9CEB8-8B4A-11D0-8D11-00A0C91BC942}") = "lab1", "lab1\lab1.vcxproj", "{E27618E6-596D-49EE-9A84-84C092CD984B}"
EndProject
Project("{8BC9CEB8-8B4A-11D0-8D11-00A0C91BC942}") = "lab2", "lab2\lab2.vcxproj", "{23C5074D-8960-4471-AF6C-1DE59E95D3DB}"
EndProject
Project("{8BC9CEB8-8B4A-11D0-8D11-00A0C91BC942}") = "lab3", "lab3\lab3.vcxproj", "{CBF08FC5-D5DF-410F-AA02-5CFCD1B2AC61}"
EndProject
Project("{8BC9CEB8-8B4A-11D0-8D11-00A0C91BC942}") = "lab4", "lab4\lab4.vcxproj", "{96416B35-A081-4208-9C6D-3DF83AFDFD69}"
EndProject
Project("{8BC9CEB8-8B4A-11D0-8D11-00A0C91BC942}") = "lab5", "lab5\lab5.vcxproj", "{87C67413-89BE-4F4B-A84A-8344F337D4E9}"
EndProject
Project("{8BC9CEB8-8B4A-11D0-8D11-00A0C91BC942}") = "lab6", "lab6\lab6.vcxproj", "{A40FC381-D641-428B-89E6-C25A3AE5D51E}"
EndProject
Project("{8BC9CEB8-8B4A-11D0-8D11-00A0C91BC942}") = "lab7", "lab7\lab7.vcxproj", "{F04DC8DE-2112-4765-A5F2-36E35E314CF7}"
EndProject
Project("{8BC9CEB8-8B4A-11D0-8D11-00A0C91BC942}") = "lab8", "lab8\lab8.vcxproj", "{72599A8C-5E63-4D19-A2DC-D36D8F5CC6F0}"
EndProject
Project("{8BC9CEB8-8B4A-11D0-8D11-00A0C91BC942}") = "lab9", "lab9\lab9.vcxproj", "{419B115A-902B-4D1C-90EF-C84A5F98A118}"
EndProject
Global
	GlobalSection(SolutionConfigurationPlatforms) = preSolution
		Debug|x64 = Debug|x64
		Debug|x86 = Debug|x86
		Release|x64 = Release|x64
		Release|x86 = Release|x86
	EndGlobalSection
	GlobalSection(ProjectConfigurationPlatforms) = postSolution
		{E27618E6-596D-49EE-9A84-84C092CD984B}.Debug|x64.ActiveCfg = Debug|x64
		{E27618E6-596D-49EE-9A84-84C092CD984B}.Debug|x64.Build.0 = Debug|x64
		{E27618E6-596D-49EE-9A84-84C092CD984B}.Debug|x86.ActiveCfg = Debug|Win32
		{E27618E6-596D-49EE-9A84-84C092CD984B}.Debug|x86.Build.0 = Debug|Win32
		{E27618E6-596D-49EE-9A84-84C092CD984B}.Release|x64.ActiveCfg = Release|x64
		{E27618E6-596D-49EE-9A84-84C092CD984B}.Release|x64.Build.0 = Release|x64
		{E27618E6-596D-49EE-9A84-84C092CD984B}.Release|x86.ActiveCfg = Release|Win32
		{E27618E6-596D-49EE-9A84-84C092CD984B}.Release|x86.Build.0 = Release|Win32
		{23C5074D-8960-4471-AF6C-1DE59E95D3DB}.Debug|x64.ActiveCfg = Debug|x64
		{23C5074D-8960-4471-AF6C-1DE59E95D3DB}.Debug|x64.Build.0 = Debug|x64
		{23C5074D-8960-4471-AF6C-1DE59E95D3DB}.Debug|x86.ActiveCfg = Debug|Win32
		{23C5074D-8960-4471-AF6C-1DE59E95D3DB}.Debug|x86.Build.0 = Debug|Win32
		{23C5074D-8960-4471-AF6C-1DE59E95D3DB}.Release|x64.ActiveCfg = Release|x64
		{23C5074D-8960-4471-AF6C-1DE59E95D3DB}.Release|x64.Build.0 = Release|x64
		{23C5074D-8960-4471-AF6C-1DE59E95D3DB}.Release|x86.ActiveCfg = Release|Win32
		{23C5074D-8960-4471-AF6C-1DE59E95D3DB}.Release|x86.Build.0 = Release|Win32
		{CBF08FC5-D5DF-410F-AA02-5CFCD1B2AC61}.Debug|x64.ActiveCfg = Debug|x64
		{CBF08FC5-D5DF-410F-AA02-5CFCD1B2AC61}.Debug|x64.Build.0 = Debug|x64
		{CBF08FC5-D5DF-410F-AA02-5CFCD1B2AC61}.Debug|x86.ActiveCfg = Debug|Win32
		{CBF08FC5-D5DF-410F-AA02-5CFCD1B2AC61}.Debug|x86.Build.0 = Debug|Win32
		{CBF08FC5-D5DF-410F-AA02-5CFCD1B2AC61}.Release|x64.ActiveCfg = Release|x64
		{CBF08FC5-D5DF-410F-AA02-5CFCD1B2AC61}.Release|x64.Build.0 = Release|x64
		{CBF08FC5-D5DF-410F-AA02-5CFCD1B2AC61}.Release|x86.ActiveCfg = Release|Win32
		{CBF08FC5-D5DF-410F-AA02-5CFCD1B2AC61}.Release|x86.Build.0 = Release|Win32
		{96416B35-A081-4208-9C6D-3DF83AFDFD69}.Debug|x64.ActiveCfg = Debug|x64
		{96416B35-A081-4208-9C6D-3DF83AFDFD69}.Debug|x64.Build.0 = Debug|x64
		{96416B35-A081-4208-9C6D-3DF83AFDFD69}.Debug|x86.ActiveCfg = Debug|Win32
		{96416B35-A081-4208-9C6D-3DF83AFDFD69}.Debug|x86.Build.0 = Debug|Win32
		{96416B35-A081-4208-9C6D-3DF83AFDFD69}.Release|x64.ActiveCfg = Release|x64
		{96416B35-A081-4208-9C6D-3DF83AFDFD69}.Release|x64.Build.0 = Release|x64
		{96416B35-A081-4208-9C6D-3DF83AFDFD69}.Release|x86.ActiveCfg = Release|Win32
		{96416B35-A081-4208-9C6D-3DF83AFDFD69}.Release|x86.Build.0 = Release|Win32
		{87C67413-89BE-4F4B-A84A-8344F337D4E9}.Debug|x64.ActiveCfg = Debug|x64
		{87C67413-89BE-4F4B-A84A-8344F337D4E9}.Debug|x64.Build.0 = Debug|x64
		{87C67413-89BE-4F4B-A84A-8344F337D4E9}.Debug|x86.ActiveCfg = Debug|Win32
		{87C67413-89BE-4F4B-A84A-8344F337D4E9}.Debug|x86.Build.0 = Debug|Win32
		{87C67413-89BE-4F4B-A84A-8344F337D4E9}.Release|x64.ActiveCfg = Release|x64
		{87C67413-89BE-4F4B-A84A-8344F337D4E9}.Release|x64.Build.0 = Release|x64
		{87C67413-89BE-4F4B-A84A-8344F337D4E9}.Release|x86.ActiveCfg = Release|Win32
		{87C67413-89BE-4F4B-A84A-8344F337D4E9}.Release|x86.Build.0 = Release|Win32
		{A40FC381-D641-428B-89E6-C25A3AE5D51E}.Debug|x64.ActiveCfg = Debug|x64
		{A40FC381-D641-428B-89E6-C25A3AE5D51E}.Debug|x64.Build.0 = Debug|x64
		{A40FC381-D641-428B-89E6-C25A3AE5D51E}.Debug|x86.ActiveCfg = Debug|Win32
		{A40FC381-D641-428B-89E6-C25A3AE5D51E}.Debug|x86.Build.0 = Debug|Win32
		{A40FC381-D641-428B-89E6-C25A3AE5D51E}.Release|x64.ActiveCfg = Release|x64
		{A40FC381-D641-428B-89E6-C25A3AE5D51E}.Release|x64.Build.0 = Release|x64
		{A40FC381-D641-428B-89E6-C25A3AE5D51E}.Release|x86.ActiveCfg = Release|Win32
		{A40FC381-D641-428B-89E6-C25A3AE5D51E}.Release|x86.Build.0 = Release|Win32
		{F04DC8DE-2112-4765-A5F2-36E35E314CF7}.Debug|x64.ActiveCfg = Debug|x64
		{F04DC8DE-2112-4765-A5F2-36E35E314CF7}.Debug|x64.Build.0 = Debug|x64
		{F04DC8DE-2112-4765-A5F2-36E35E314CF7}.Debug|x86.ActiveCfg = Debug|Win32
		{F04DC8DE-2112-4765-A5F2-36E35E314CF7}.Debug|x86.Build.0 = Debug|Win32
		{F04DC8DE-2112-4765-A5F2-36E35E314CF7}.Release|x64.ActiveCfg = Release|x64
		{F04DC8DE-2112-4765-A5F2-36E35E314CF7}.Release|x64.Build.0 = Release|x64
		{F04DC8DE-2112-4765-A5F2-36E35E314CF7}.Release|x86.ActiveCfg = Release|Win32
		{F04DC8DE-2112-4765-A5F2-36E35E314CF7}.Release|x86.Build.0 = Release|Win32
		{72599A8C-5E63-4D19-A2DC-D36D8F5CC6F0}.Debug|x64.ActiveCfg = Debug|x64
		{72599A8C-5E63-4D19-A2DC-D36D8F5CC6F0}.Debug|x64.Build.0 = Debug|x64
		{72599A8C-5E63-4D19-A2DC-D36D8F5CC6F0}.Debug|x86.ActiveCfg = Debug|Win32
		{72599A8C-5E63-4D19-A2DC-D36D8F5CC6F0}.Debug|x86.Build.0 = Debug|Win32
		{72599A8C-5E63-4D19-A2DC-D36D8F5CC6F0}.Release|x64.ActiveCfg = Release|x64
		{72599A8C-5E63-4D19-A2DC-D36D8F5CC6F0}.Release|x64.Build.0 = Release|x64
		{72599A8C-5E63-4D19-A2DC-D36D8F5CC6F0}.Release|x86.ActiveCfg = Release|Win32
		{72599A8C-5E63-4D19-A2DC-D36D8F5CC6F0}.Release|x86.Build.0 = Release|Win32
		{419B115A-902B-4D1C-90EF-C84A5F98A118}.Debug|x64.ActiveCfg = Debug|x64
		{419B115A-902B-4D1C-90EF-C84A5F98A118}.Debug|x64.Build.0 = Debug|x64
		{419B115A-902B-4D1C-90EF-C84A5F98A118}.Debug|x86.ActiveCfg = Debug|Win32
		{419B115A-902B-4D1C-90EF-C84A5F98A118}.Debug|x86.Build.0 = Debug|Win32
		{419B115A-902B-4D1C-90EF-C84A5F98A118}.Release|x64.ActiveCfg = Release|x64
		{419B115A-902B-4D1C-90EF-C84A5F98A118}.Release|x64.Build.0 = Release|x64
		{419B115A-902B-4D1C-90EF-C84A5F98A118}.Release|x86.ActiveCfg = Release|Win32
		{419B115A-902B-4D1C-90EF-C84A5F98A118}.Release|x86.Build.0 = Release|Win32
	EndGlobalSection
	GlobalSection(SolutionProperties) = preSolution
		HideSolutionNode = FALSE
	EndGlobalSection
	GlobalSection(ExtensibilityGlobals) = postSolution
		SolutionGuid = {41A6F959-6C87-45C8-A5B6-2367A1833A42}
	EndGlobalSection
EndGlobal
